{
  "requires": true,
  "lockfileVersion": 1,
  "dependencies": {
    "huarachigonzales": {
      "version": "1.0.0",
      "resolved": "https://registry.npmjs.org/huarachigonzales/-/huarachigonzales-1.0.0.tgz",
      "integrity": "sha512-KX441M+NMkNNSQbzMIhXxTEtIs0olR89aB9f+2EpoGtPxLZo1Vf3OAvvnhboXlFgBzxya7nGeBdr4cGw0D7AMQ==",
      "requires": {
        "underscore": "^1.9.1"
      }
    },
    "underscore": {
      "version": "1.9.1",
      "resolved": "https://registry.npmjs.org/underscore/-/underscore-1.9.1.tgz",
      "integrity": "sha512-5/4etnCkd9c8gwgowi5/om/mYO5ajCaOgdzj/oW+0eQV9WxKBDZw5+ycmKmeaTXjInS/W0BzpGLo2xR2aBwZdg=="
    }
  }
}
